
Microsoft Visual Studio Solution File, Format Version 12.00
# Visual Studio Version 17
VisualStudioVersion = 17.11.35208.52
MinimumVisualStudioVersion = 10.0.40219.1
Project("{9A19103F-16F7-4668-BE54-9A1E7A4F7556}") = "CodingTrackerApplication", "CodingTrackerApplication\CodingTrackerApplication.csproj", "{FF799FB2-9B51-4D57-BB8F-2E74F1760799}"
EndProject
Project("{2150E333-8FDC-42A3-9474-1A3956D46DE8}") = "Solution Items", "Solution Items", "{9E90E57E-ACA4-40F6-9A00-F7CE5B3FE051}"
EndProject
Project("{FAE04EC0-301F-11D3-BF4B-00C04F79EFBC}") = "DatabaseLayer", "DatabaseLayer\DatabaseLayer.csproj", "{85EEB9F3-0169-4500-8644-40E96CFC2946}"
EndProject
Global
	GlobalSection(SolutionConfigurationPlatforms) = preSolution
		Debug|Any CPU = Debug|Any CPU
		Release|Any CPU = Release|Any CPU
	EndGlobalSection
	GlobalSection(ProjectConfigurationPlatforms) = postSolution
		{FF799FB2-9B51-4D57-BB8F-2E74F1760799}.Debug|Any CPU.ActiveCfg = Debug|Any CPU
		{FF799FB2-9B51-4D57-BB8F-2E74F1760799}.Debug|Any CPU.Build.0 = Debug|Any CPU
		{FF799FB2-9B51-4D57-BB8F-2E74F1760799}.Release|Any CPU.ActiveCfg = Release|Any CPU
		{FF799FB2-9B51-4D57-BB8F-2E74F1760799}.Release|Any CPU.Build.0 = Release|Any CPU
		{85EEB9F3-0169-4500-8644-40E96CFC2946}.Debug|Any CPU.ActiveCfg = Debug|Any CPU
		{85EEB9F3-0169-4500-8644-40E96CFC2946}.Debug|Any CPU.Build.0 = Debug|Any CPU
		{85EEB9F3-0169-4500-8644-40E96CFC2946}.Release|Any CPU.ActiveCfg = Release|Any CPU
		{85EEB9F3-0169-4500-8644-40E96CFC2946}.Release|Any CPU.Build.0 = Release|Any CPU
	EndGlobalSection
	GlobalSection(SolutionProperties) = preSolution
		HideSolutionNode = FALSE
	EndGlobalSection
	GlobalSection(ExtensibilityGlobals) = postSolution
		SolutionGuid = {E68BDDB9-E7D1-40A8-A7F7-9F76B63318E7}
	EndGlobalSection
EndGlobal
